
Microsoft Visual Studio Solution File, Format Version 12.00
# Visual Studio Version 17
VisualStudioVersion = 17.11.35219.272
MinimumVisualStudioVersion = 10.0.40219.1
Project("{FAE04EC0-301F-11D3-BF4B-00C04F79EFBC}") = "HW42", "HW42\HW42.csproj", "{072674FD-9D28-41AF-B2E5-65415D9C82BB}"
EndProject
Global
	GlobalSection(SolutionConfigurationPlatforms) = preSolution
		Debug|Any CPU = Debug|Any CPU
		Release|Any CPU = Release|Any CPU
	EndGlobalSection
	GlobalSection(ProjectConfigurationPlatforms) = postSolution
		{072674FD-9D28-41AF-B2E5-65415D9C82BB}.Debug|Any CPU.ActiveCfg = Debug|Any CPU
		{072674FD-9D28-41AF-B2E5-65415D9C82BB}.Debug|Any CPU.Build.0 = Debug|Any CPU
		{072674FD-9D28-41AF-B2E5-65415D9C82BB}.Release|Any CPU.ActiveCfg = Release|Any CPU
		{072674FD-9D28-41AF-B2E5-65415D9C82BB}.Release|Any CPU.Build.0 = Release|Any CPU
	EndGlobalSection
	GlobalSection(SolutionProperties) = preSolution
		HideSolutionNode = FALSE
	EndGlobalSection
	GlobalSection(ExtensibilityGlobals) = postSolution
		SolutionGuid = {8B5BC537-6D52-406B-8BDC-4FD2473A51F9}
	EndGlobalSection
EndGlobal
